{
  "name": "GeoJs",
  "lockfileVersion": 3,
  "requires": true,
  "packages": {
    "": {
      "dependencies": {
        "angular-google-maps": "^2.4.1"
      }
    },
    "node_modules/angular": {
      "version": "1.6.10",
      "resolved": "https://registry.npmjs.org/angular/-/angular-1.6.10.tgz",
      "integrity": "sha512-PCZ5/hVdvPQiYyH0VwsPjrErPHRcITnaXxhksceOXgtJeesKHLA7KDu4X/yvcAi+1zdGgGF+9pDxkJvghXI9Wg==",
      "deprecated": "For the actively supported Angular, see https://www.npmjs.com/package/@angular/core. AngularJS support has officially ended. For extended AngularJS support options, see https://goo.gle/angularjs-path-forward."
    },
    "node_modules/angular-google-maps": {
      "version": "2.4.1",
      "resolved": "https://registry.npmjs.org/angular-google-maps/-/angular-google-maps-2.4.1.tgz",
      "integrity": "sha512-Xt2UusIRzmCxLeWryiNqFjMUHnWdq+nKHMCv8wgiFSmBaY9vfFs+QgC1795ts0G+/DzBx2Vyzm26w3BJKblcPw==",
      "dependencies": {
        "angular": "1.2 - 1.6",
        "angular-simple-logger": ">=0.0.1",
        "google-maps-utility-library-v3-infobox": "1.1.14",
        "google-maps-utility-library-v3-keydragzoom": "2.0.9",
        "google-maps-utility-library-v3-markerwithlabel": "git://github.com/nmccready/google-maps-utility-library-v3-markerwithlabel.git",
        "js-rich-marker": "git://github.com/MikaFima/js-rich-marker.git#0383f4bbdad4ddf154772fedbdd27e464600e943",
        "lodash": "3.X - 4.X",
        "markerclustererplus": "2.1.4"
      }
    },
    "node_modules/angular-simple-logger": {
      "version": "0.1.7",
      "resolved": "https://registry.npmjs.org/angular-simple-logger/-/angular-simple-logger-0.1.7.tgz",
      "integrity": "sha512-PJhFNsaygeToEbDMax7anNpfr0Ba79qttY5v/TJyDSFOhLnktiMoWovlzApbJkp/Q5kQh0hjAAD/ts++Idqh1A==",
      "dependencies": {
        "angular": "^1.2",
        "debug": "^2.2.0"
      }
    },
    "node_modules/coffee-script": {
      "version": "1.10.0",
      "resolved": "https://registry.npmjs.org/coffee-script/-/coffee-script-1.10.0.tgz",
      "integrity": "sha512-ef2EsKe2bCuX3VGXfPCNGqni3wgrL8Bu0tDdY8mUDa+QnDR1GNcsC4QhxwG4az6l5y5W0wKUc1Pn/F3MCyafjg==",
      "deprecated": "CoffeeScript on NPM has moved to \"coffeescript\" (no hyphen)",
      "bin": {
        "cake": "bin/cake",
        "coffee": "bin/coffee"
      },
      "engines": {
        "node": ">=0.8.0"
      }
    },
    "node_modules/debug": {
      "version": "2.6.9",
      "resolved": "https://registry.npmjs.org/debug/-/debug-2.6.9.tgz",
      "integrity": "sha512-bC7ElrdJaJnPbAP+1EotYvqZsb3ecl5wi6Bfi6BJTUcNowp6cvspg0jXznRTKDjm/E7AdgFBVeAPVMNcKGsHMA==",
      "dependencies": {
        "ms": "2.0.0"
      }
    },
    "node_modules/google-maps-utility-library-v3-infobox": {
      "version": "1.1.14",
      "resolved": "https://registry.npmjs.org/google-maps-utility-library-v3-infobox/-/google-maps-utility-library-v3-infobox-1.1.14.tgz",
      "integrity": "sha512-lfFxwYF3OhuYnAqd1LAvp60V+AA4GTBr4XExZttQ8Amun6bTx9Bi7nLcGVaurK3u7DlDtI9uHGw2OujMjx3hiw==",
      "dependencies": {
        "coffee-script": "1.10.0"
      }
    },
    "node_modules/google-maps-utility-library-v3-keydragzoom": {
      "version": "2.0.9",
      "resolved": "https://registry.npmjs.org/google-maps-utility-library-v3-keydragzoom/-/google-maps-utility-library-v3-keydragzoom-2.0.9.tgz",
      "integrity": "sha512-nIxuyM+fqrOmV3MfhH4bY84lZBSERwk9u+HhDVDBcT2NiyoeclSXGjMBb//21jF+wnhTZa+05ILW/Qz7psBiog==",
      "dependencies": {
        "coffee-script": "1.10.0"
      }
    },
    "node_modules/google-maps-utility-library-v3-markerwithlabel": {
      "version": "1.1.10",
      "resolved": "git+ssh://git@github.com/nmccready/google-maps-utility-library-v3-markerwithlabel.git#1e1ae841596ce41fb5cfaff301477393c5621d3d",
      "license": "Apache License 2.0"
    },
    "node_modules/js-rich-marker": {
      "version": "1.0.0",
      "resolved": "git+ssh://git@github.com/MikaFima/js-rich-marker.git#0383f4bbdad4ddf154772fedbdd27e464600e943",
      "integrity": "sha512-1nmmRFktBpqhpuEHBP2w8h2bx7asglTCbnRU/dpAeU+oVFWinUpYd+LOGTWe1iUcaHo1dNkLBwMQFYAy5vCaYg==",
      "license": "Apache-2.0"
    },
    "node_modules/lodash": {
      "version": "4.17.21",
      "resolved": "https://registry.npmjs.org/lodash/-/lodash-4.17.21.tgz",
      "integrity": "sha512-v2kDEe57lecTulaDIuNTPy3Ry4gLGJ6Z1O3vE1krgXZNrsQ+LFTGHVxVjcXPs17LhbZVGedAJv8XZ1tvj5FvSg=="
    },
    "node_modules/markerclustererplus": {
      "version": "2.1.4",
      "resolved": "https://registry.npmjs.org/markerclustererplus/-/markerclustererplus-2.1.4.tgz",
      "integrity": "sha512-5puqGiaFybkc/IhFoJQbSA3VvlmX2hDFbSLpbua/PzKmJ6i7esztDxP47y7Ub5iKy6yIpRm8g6sy3tGlkSJfVg=="
    },
    "node_modules/ms": {
      "version": "2.0.0",
      "resolved": "https://registry.npmjs.org/ms/-/ms-2.0.0.tgz",
      "integrity": "sha512-Tpp60P6IUJDTuOq/5Z8cdskzJujfwqfOTkrwIwj7IRISpnkJnT6SyJ4PCPnGMoFjC9ddhal5KVIYtAt97ix05A=="
    }
  }
}
